
Microsoft Visual Studio Solution File, Format Version 12.00
# Visual Studio Version 16
VisualStudioVersion = 16.0.31702.278
MinimumVisualStudioVersion = 10.0.40219.1
Project("{2150E333-8FDC-42A3-9474-1A3956D46DE8}") = "Services", "Services", "{3984D1D6-185F-4FFE-8C0C-1D5611CEA3A3}"
EndProject
Project("{2150E333-8FDC-42A3-9474-1A3956D46DE8}") = "Catalog", "Catalog", "{63620CC7-8B4E-44FD-BCEA-4A992EEBBBC6}"
EndProject
Project("{9A19103F-16F7-4668-BE54-9A1E7A4F7556}") = "Catalog.API", "Services\Catalog\Catalog.API\Catalog.API.csproj", "{BE52543D-DA0D-4D21-B5C9-C7352F68AA00}"
EndProject
Project("{E53339B2-1760-4266-BCC7-CA923CBCF16C}") = "docker-compose", "docker-compose.dcproj", "{E260BC70-2527-458C-92E5-4D42E6B09F6F}"
EndProject
Global
	GlobalSection(SolutionConfigurationPlatforms) = preSolution
		Debug|Any CPU = Debug|Any CPU
		Release|Any CPU = Release|Any CPU
	EndGlobalSection
	GlobalSection(ProjectConfigurationPlatforms) = postSolution
		{BE52543D-DA0D-4D21-B5C9-C7352F68AA00}.Debug|Any CPU.ActiveCfg = Debug|Any CPU
		{BE52543D-DA0D-4D21-B5C9-C7352F68AA00}.Debug|Any CPU.Build.0 = Debug|Any CPU
		{BE52543D-DA0D-4D21-B5C9-C7352F68AA00}.Release|Any CPU.ActiveCfg = Release|Any CPU
		{BE52543D-DA0D-4D21-B5C9-C7352F68AA00}.Release|Any CPU.Build.0 = Release|Any CPU
		{E260BC70-2527-458C-92E5-4D42E6B09F6F}.Debug|Any CPU.ActiveCfg = Debug|Any CPU
		{E260BC70-2527-458C-92E5-4D42E6B09F6F}.Debug|Any CPU.Build.0 = Debug|Any CPU
		{E260BC70-2527-458C-92E5-4D42E6B09F6F}.Release|Any CPU.ActiveCfg = Release|Any CPU
		{E260BC70-2527-458C-92E5-4D42E6B09F6F}.Release|Any CPU.Build.0 = Release|Any CPU
	EndGlobalSection
	GlobalSection(SolutionProperties) = preSolution
		HideSolutionNode = FALSE
	EndGlobalSection
	GlobalSection(NestedProjects) = preSolution
		{63620CC7-8B4E-44FD-BCEA-4A992EEBBBC6} = {3984D1D6-185F-4FFE-8C0C-1D5611CEA3A3}
		{BE52543D-DA0D-4D21-B5C9-C7352F68AA00} = {63620CC7-8B4E-44FD-BCEA-4A992EEBBBC6}
	EndGlobalSection
	GlobalSection(ExtensibilityGlobals) = postSolution
		SolutionGuid = {AEB5F4F4-B57A-4868-851C-221D7089293B}
	EndGlobalSection
EndGlobal
